
Microsoft Visual Studio Solution File, Format Version 12.00
# Visual Studio Version 16
VisualStudioVersion = 16.0.31613.86
MinimumVisualStudioVersion = 10.0.40219.1
Project("{FAE04EC0-301F-11D3-BF4B-00C04F79EFBC}") = "AzureDemo.Functions", "src\AzureDemo.Functions\AzureDemo.Functions.csproj", "{3AAAA5AD-9E53-49EB-B1DB-AA4B275B19E8}"
EndProject
Global
	GlobalSection(SolutionConfigurationPlatforms) = preSolution
		Debug|Any CPU = Debug|Any CPU
		Release|Any CPU = Release|Any CPU
	EndGlobalSection
	GlobalSection(ProjectConfigurationPlatforms) = postSolution
		{3AAAA5AD-9E53-49EB-B1DB-AA4B275B19E8}.Debug|Any CPU.ActiveCfg = Debug|Any CPU
		{3AAAA5AD-9E53-49EB-B1DB-AA4B275B19E8}.Debug|Any CPU.Build.0 = Debug|Any CPU
		{3AAAA5AD-9E53-49EB-B1DB-AA4B275B19E8}.Release|Any CPU.ActiveCfg = Release|Any CPU
		{3AAAA5AD-9E53-49EB-B1DB-AA4B275B19E8}.Release|Any CPU.Build.0 = Release|Any CPU
	EndGlobalSection
	GlobalSection(SolutionProperties) = preSolution
		HideSolutionNode = FALSE
	EndGlobalSection
	GlobalSection(ExtensibilityGlobals) = postSolution
		SolutionGuid = {B2988194-6F47-4CFC-885B-481A0E939F7F}
	EndGlobalSection
EndGlobal
