
Microsoft Visual Studio Solution File, Format Version 12.00
# Visual Studio Version 16
VisualStudioVersion = 16.0.31613.86
MinimumVisualStudioVersion = 10.0.40219.1
Project("{9A19103F-16F7-4668-BE54-9A1E7A4F7556}") = "AzureDemo.Functions", "src\AzureDemo.Functions\AzureDemo.Functions.csproj", "{3AAAA5AD-9E53-49EB-B1DB-AA4B275B19E8}"
EndProject
Project("{2150E333-8FDC-42A3-9474-1A3956D46DE8}") = "Solution Items", "Solution Items", "{6370401A-B209-4189-A9BD-89D5CE1B065D}"
	ProjectSection(SolutionItems) = preProject
		.editorconfig = .editorconfig
		README.md = README.md
	EndProjectSection
EndProject
Project("{9A19103F-16F7-4668-BE54-9A1E7A4F7556}") = "AzureDemo.WebApi", "src\AzureDemo.WebApi\AzureDemo.WebApi.csproj", "{A7B10753-8148-4205-AED1-57478193A37B}"
EndProject
Project("{FAE04EC0-301F-11D3-BF4B-00C04F79EFBC}") = "AzureDemo.Domain", "src\AzureDemo.Domain\AzureDemo.Domain.csproj", "{3A213900-6DAF-4534-AB90-5813A0B6891D}"
EndProject
Project("{FAE04EC0-301F-11D3-BF4B-00C04F79EFBC}") = "AzureDemo.Application", "src\AzureDemo.Application\AzureDemo.Application.csproj", "{FA0A2756-A2E8-4BE0-9A49-52ED7134AC3C}"
EndProject
Project("{FAE04EC0-301F-11D3-BF4B-00C04F79EFBC}") = "AzureDemo.Infrastructure", "src\AzureDemo.Infrastructure\AzureDemo.Infrastructure.csproj", "{14B2AF32-487A-4013-9066-B430498D8250}"
EndProject
Global
	GlobalSection(SolutionConfigurationPlatforms) = preSolution
		Debug|Any CPU = Debug|Any CPU
		Release|Any CPU = Release|Any CPU
	EndGlobalSection
	GlobalSection(ProjectConfigurationPlatforms) = postSolution
		{3AAAA5AD-9E53-49EB-B1DB-AA4B275B19E8}.Debug|Any CPU.ActiveCfg = Debug|Any CPU
		{3AAAA5AD-9E53-49EB-B1DB-AA4B275B19E8}.Debug|Any CPU.Build.0 = Debug|Any CPU
		{3AAAA5AD-9E53-49EB-B1DB-AA4B275B19E8}.Release|Any CPU.ActiveCfg = Release|Any CPU
		{3AAAA5AD-9E53-49EB-B1DB-AA4B275B19E8}.Release|Any CPU.Build.0 = Release|Any CPU
		{A7B10753-8148-4205-AED1-57478193A37B}.Debug|Any CPU.ActiveCfg = Debug|Any CPU
		{A7B10753-8148-4205-AED1-57478193A37B}.Debug|Any CPU.Build.0 = Debug|Any CPU
		{A7B10753-8148-4205-AED1-57478193A37B}.Release|Any CPU.ActiveCfg = Release|Any CPU
		{A7B10753-8148-4205-AED1-57478193A37B}.Release|Any CPU.Build.0 = Release|Any CPU
		{3A213900-6DAF-4534-AB90-5813A0B6891D}.Debug|Any CPU.ActiveCfg = Debug|Any CPU
		{3A213900-6DAF-4534-AB90-5813A0B6891D}.Debug|Any CPU.Build.0 = Debug|Any CPU
		{3A213900-6DAF-4534-AB90-5813A0B6891D}.Release|Any CPU.ActiveCfg = Release|Any CPU
		{3A213900-6DAF-4534-AB90-5813A0B6891D}.Release|Any CPU.Build.0 = Release|Any CPU
		{FA0A2756-A2E8-4BE0-9A49-52ED7134AC3C}.Debug|Any CPU.ActiveCfg = Debug|Any CPU
		{FA0A2756-A2E8-4BE0-9A49-52ED7134AC3C}.Debug|Any CPU.Build.0 = Debug|Any CPU
		{FA0A2756-A2E8-4BE0-9A49-52ED7134AC3C}.Release|Any CPU.ActiveCfg = Release|Any CPU
		{FA0A2756-A2E8-4BE0-9A49-52ED7134AC3C}.Release|Any CPU.Build.0 = Release|Any CPU
		{14B2AF32-487A-4013-9066-B430498D8250}.Debug|Any CPU.ActiveCfg = Debug|Any CPU
		{14B2AF32-487A-4013-9066-B430498D8250}.Debug|Any CPU.Build.0 = Debug|Any CPU
		{14B2AF32-487A-4013-9066-B430498D8250}.Release|Any CPU.ActiveCfg = Release|Any CPU
		{14B2AF32-487A-4013-9066-B430498D8250}.Release|Any CPU.Build.0 = Release|Any CPU
	EndGlobalSection
	GlobalSection(SolutionProperties) = preSolution
		HideSolutionNode = FALSE
	EndGlobalSection
	GlobalSection(ExtensibilityGlobals) = postSolution
		SolutionGuid = {B2988194-6F47-4CFC-885B-481A0E939F7F}
	EndGlobalSection
EndGlobal
